
Microsoft Visual Studio Solution File, Format Version 12.00
# Visual Studio Version 17
VisualStudioVersion = 17.3.32929.385
MinimumVisualStudioVersion = 10.0.40219.1
Project("{9A19103F-16F7-4668-BE54-9A1E7A4F7556}") = "Laboratorium 1", "Laboratorium 1.csproj", "{68CA299D-125D-4EB8-BA7A-DD7DA13D910E}"
EndProject
Project("{FAE04EC0-301F-11D3-BF4B-00C04F79EFBC}") = "Laboratorium1_3", "..\ClassLibrary1\Laboratorium1_3.csproj", "{A97566E9-24A9-41D5-8E91-40BC756819EE}"
EndProject
Global
	GlobalSection(SolutionConfigurationPlatforms) = preSolution
		Debug|Any CPU = Debug|Any CPU
		Release|Any CPU = Release|Any CPU
	EndGlobalSection
	GlobalSection(ProjectConfigurationPlatforms) = postSolution
		{68CA299D-125D-4EB8-BA7A-DD7DA13D910E}.Debug|Any CPU.ActiveCfg = Debug|Any CPU
		{68CA299D-125D-4EB8-BA7A-DD7DA13D910E}.Debug|Any CPU.Build.0 = Debug|Any CPU
		{68CA299D-125D-4EB8-BA7A-DD7DA13D910E}.Release|Any CPU.ActiveCfg = Release|Any CPU
		{68CA299D-125D-4EB8-BA7A-DD7DA13D910E}.Release|Any CPU.Build.0 = Release|Any CPU
		{A97566E9-24A9-41D5-8E91-40BC756819EE}.Debug|Any CPU.ActiveCfg = Debug|Any CPU
		{A97566E9-24A9-41D5-8E91-40BC756819EE}.Debug|Any CPU.Build.0 = Debug|Any CPU
		{A97566E9-24A9-41D5-8E91-40BC756819EE}.Release|Any CPU.ActiveCfg = Release|Any CPU
		{A97566E9-24A9-41D5-8E91-40BC756819EE}.Release|Any CPU.Build.0 = Release|Any CPU
	EndGlobalSection
	GlobalSection(SolutionProperties) = preSolution
		HideSolutionNode = FALSE
	EndGlobalSection
	GlobalSection(ExtensibilityGlobals) = postSolution
		SolutionGuid = {F5BF2731-BA29-4DBE-9B17-4B2C421DAE99}
	EndGlobalSection
EndGlobal
