
Microsoft Visual Studio Solution File, Format Version 12.00
# Visual Studio Version 17
VisualStudioVersion = 17.3.32929.385
MinimumVisualStudioVersion = 10.0.40219.1
Project("{FAE04EC0-301F-11D3-BF4B-00C04F79EFBC}") = "Laboratorium4", "Laboratorium4.csproj", "{DF08C9ED-CEFB-4B89-A8FF-B2663321D8E6}"
EndProject
Global
	GlobalSection(SolutionConfigurationPlatforms) = preSolution
		Debug|Any CPU = Debug|Any CPU
		Release|Any CPU = Release|Any CPU
	EndGlobalSection
	GlobalSection(ProjectConfigurationPlatforms) = postSolution
		{DF08C9ED-CEFB-4B89-A8FF-B2663321D8E6}.Debug|Any CPU.ActiveCfg = Debug|Any CPU
		{DF08C9ED-CEFB-4B89-A8FF-B2663321D8E6}.Debug|Any CPU.Build.0 = Debug|Any CPU
		{DF08C9ED-CEFB-4B89-A8FF-B2663321D8E6}.Release|Any CPU.ActiveCfg = Release|Any CPU
		{DF08C9ED-CEFB-4B89-A8FF-B2663321D8E6}.Release|Any CPU.Build.0 = Release|Any CPU
	EndGlobalSection
	GlobalSection(SolutionProperties) = preSolution
		HideSolutionNode = FALSE
	EndGlobalSection
	GlobalSection(ExtensibilityGlobals) = postSolution
		SolutionGuid = {D24F018B-8208-41E1-9215-F796CA05F201}
	EndGlobalSection
EndGlobal
